
Microsoft Visual Studio Solution File, Format Version 12.00
# Visual Studio Version 17
VisualStudioVersion = 17.8.34330.188
MinimumVisualStudioVersion = 10.0.40219.1
Project("{FAE04EC0-301F-11D3-BF4B-00C04F79EFBC}") = "SessionSample", "SessionSample.csproj", "{28D250B5-232C-4C00-8BBF-70966C920A22}"
EndProject
Global
	GlobalSection(SolutionConfigurationPlatforms) = preSolution
		Debug|Any CPU = Debug|Any CPU
		Release|Any CPU = Release|Any CPU
	EndGlobalSection
	GlobalSection(ProjectConfigurationPlatforms) = postSolution
		{28D250B5-232C-4C00-8BBF-70966C920A22}.Debug|Any CPU.ActiveCfg = Debug|Any CPU
		{28D250B5-232C-4C00-8BBF-70966C920A22}.Debug|Any CPU.Build.0 = Debug|Any CPU
		{28D250B5-232C-4C00-8BBF-70966C920A22}.Release|Any CPU.ActiveCfg = Release|Any CPU
		{28D250B5-232C-4C00-8BBF-70966C920A22}.Release|Any CPU.Build.0 = Release|Any CPU
	EndGlobalSection
	GlobalSection(SolutionProperties) = preSolution
		HideSolutionNode = FALSE
	EndGlobalSection
	GlobalSection(ExtensibilityGlobals) = postSolution
		SolutionGuid = {1D0D8558-2BB8-4879-9B1E-1A6467609A19}
	EndGlobalSection
EndGlobal
